
Microsoft Visual Studio Solution File, Format Version 12.00
# Visual Studio Version 17
VisualStudioVersion = 17.13.35919.96 d17.13
MinimumVisualStudioVersion = 10.0.40219.1
Project("{FAE04EC0-301F-11D3-BF4B-00C04F79EFBC}") = "Pratik46", "Pratik46\Pratik46.csproj", "{920F2B45-A292-41E4-91AF-FE4802273C58}"
EndProject
Global
	GlobalSection(SolutionConfigurationPlatforms) = preSolution
		Debug|Any CPU = Debug|Any CPU
		Release|Any CPU = Release|Any CPU
	EndGlobalSection
	GlobalSection(ProjectConfigurationPlatforms) = postSolution
		{920F2B45-A292-41E4-91AF-FE4802273C58}.Debug|Any CPU.ActiveCfg = Debug|Any CPU
		{920F2B45-A292-41E4-91AF-FE4802273C58}.Debug|Any CPU.Build.0 = Debug|Any CPU
		{920F2B45-A292-41E4-91AF-FE4802273C58}.Release|Any CPU.ActiveCfg = Release|Any CPU
		{920F2B45-A292-41E4-91AF-FE4802273C58}.Release|Any CPU.Build.0 = Release|Any CPU
	EndGlobalSection
	GlobalSection(SolutionProperties) = preSolution
		HideSolutionNode = FALSE
	EndGlobalSection
	GlobalSection(ExtensibilityGlobals) = postSolution
		SolutionGuid = {5538D59B-C3AB-4B88-B657-937E773440B8}
	EndGlobalSection
EndGlobal
